
Microsoft Visual Studio Solution File, Format Version 12.00
# Visual Studio Version 16
VisualStudioVersion = 16.0.29709.97
MinimumVisualStudioVersion = 10.0.40219.1
Project("{FAE04EC0-301F-11D3-BF4B-00C04F79EFBC}") = "Feedback", "Feedback\Feedback.csproj", "{4A9D1917-2824-4D88-813B-CD69701377A5}"
EndProject
Project("{54435603-DBB4-11D2-8724-00A0C9A8B90C}") = "Feedback Setup", "Feedback Setup\Feedback Setup.vdproj", "{F835989E-8E9C-4779-B779-83DE082E16AC}"
EndProject
Global
	GlobalSection(SolutionConfigurationPlatforms) = preSolution
		Debug|Any CPU = Debug|Any CPU
		Release|Any CPU = Release|Any CPU
	EndGlobalSection
	GlobalSection(ProjectConfigurationPlatforms) = postSolution
		{4A9D1917-2824-4D88-813B-CD69701377A5}.Debug|Any CPU.ActiveCfg = Debug|Any CPU
		{4A9D1917-2824-4D88-813B-CD69701377A5}.Debug|Any CPU.Build.0 = Debug|Any CPU
		{4A9D1917-2824-4D88-813B-CD69701377A5}.Release|Any CPU.ActiveCfg = Release|Any CPU
		{4A9D1917-2824-4D88-813B-CD69701377A5}.Release|Any CPU.Build.0 = Release|Any CPU
		{F835989E-8E9C-4779-B779-83DE082E16AC}.Debug|Any CPU.ActiveCfg = Debug
		{F835989E-8E9C-4779-B779-83DE082E16AC}.Release|Any CPU.ActiveCfg = Release
	EndGlobalSection
	GlobalSection(SolutionProperties) = preSolution
		HideSolutionNode = FALSE
	EndGlobalSection
	GlobalSection(ExtensibilityGlobals) = postSolution
		SolutionGuid = {2C0F0DDC-C1AE-4C17-93A0-512A4C3AAE58}
	EndGlobalSection
EndGlobal
